// !$*UTF8*$!
{
	archiveVersion = 1;
	classes = {
	};
	objectVersion = 50;
	objects = {

/* Begin PBXBuildFile section */
		143CE02924B3E52800900D2F /* AppDelegate.m in Sources */ = {isa = PBXBuildFile; fileRef = 143CE02824B3E52800900D2F /* AppDelegate.m */; };
		143CE02C24B3E52800900D2F /* SceneDelegate.m in Sources */ = {isa = PBXBuildFile; fileRef = 143CE02B24B3E52800900D2F /* SceneDelegate.m */; };
		143CE02F24B3E52800900D2F /* ViewController.m in Sources */ = {isa = PBXBuildFile; fileRef = 143CE02E24B3E52800900D2F /* ViewController.m */; };
		143CE03224B3E52800900D2F /* Main.storyboard in Resources */ = {isa = PBXBuildFile; fileRef = 143CE03024B3E52800900D2F /* Main.storyboard */; };
		143CE03424B3E52900900D2F /* Assets.xcassets in Resources */ = {isa = PBXBuildFile; fileRef = 143CE03324B3E52900900D2F /* Assets.xcassets */; };
		143CE03724B3E52900900D2F /* LaunchScreen.storyboard in Resources */ = {isa = PBXBuildFile; fileRef = 143CE03524B3E52900900D2F /* LaunchScreen.storyboard */; };
		143CE03A24B3E52900900D2F /* main.m in Sources */ = {isa = PBXBuildFile; fileRef = 143CE03924B3E52900900D2F /* main.m */; };
		143CE04424B3E52900900D2F /* InstapictTests.m in Sources */ = {isa = PBXBuildFile; fileRef = 143CE04324B3E52900900D2F /* InstapictTests.m */; };
		143CE04F24B3E52900900D2F /* InstapictUITests.m in Sources */ = {isa = PBXBuildFile; fileRef = 143CE04E24B3E52900900D2F /* InstapictUITests.m */; };
		2DD5F03ADBABF60F0F69D849 /* Pods_Instapict_InstapictUITests.framework in Frameworks */ = {isa = PBXBuildFile; fileRef = B9AFE2377A340C7C6648E839 /* Pods_Instapict_InstapictUITests.framework */; };
		7B8461566F8C3D51DD5443D6 /* Pods_Instapict.framework in Frameworks */ = {isa = PBXBuildFile; fileRef = B06506100BDFA844FD447530 /* Pods_Instapict.framework */; };
		E466A9DC42461F2E4B403C40 /* Pods_InstapictTests.framework in Frameworks */ = {isa = PBXBuildFile; fileRef = B26023F62CC7796E4494F632 /* Pods_InstapictTests.framework */; };
/* End PBXBuildFile section */

/* Begin PBXContainerItemProxy section */
		143CE04024B3E52900900D2F /* PBXContainerItemProxy */ = {
			isa = PBXContainerItemProxy;
			containerPortal = 143CE01C24B3E52800900D2F /* Project object */;
			proxyType = 1;
			remoteGlobalIDString = 143CE02324B3E52800900D2F;
			remoteInfo = Instapict;
		};
		143CE04B24B3E52900900D2F /* PBXContainerItemProxy */ = {
			isa = PBXContainerItemProxy;
			containerPortal = 143CE01C24B3E52800900D2F /* Project object */;
			proxyType = 1;
			remoteGlobalIDString = 143CE02324B3E52800900D2F;
			remoteInfo = Instapict;
		};
/* End PBXContainerItemProxy section */

/* Begin PBXFileReference section */
		039EF7835B7848C81906DA7F /* Pods-InstapictTests.release.xcconfig */ = {isa = PBXFileReference; includeInIndex = 1; lastKnownFileType = text.xcconfig; name = "Pods-InstapictTests.release.xcconfig"; path = "Target Support Files/Pods-InstapictTests/Pods-InstapictTests.release.xcconfig"; sourceTree = "<group>"; };
		143CE02424B3E52800900D2F /* Instapict.app */ = {isa = PBXFileReference; explicitFileType = wrapper.application; includeInIndex = 0; path = Instapict.app; sourceTree = BUILT_PRODUCTS_DIR; };
		143CE02724B3E52800900D2F /* AppDelegate.h */ = {isa = PBXFileReference; lastKnownFileType = sourcecode.c.h; path = AppDelegate.h; sourceTree = "<group>"; };
		143CE02824B3E52800900D2F /* AppDelegate.m */ = {isa = PBXFileReference; lastKnownFileType = sourcecode.c.objc; path = AppDelegate.m; sourceTree = "<group>"; };
		143CE02A24B3E52800900D2F /* SceneDelegate.h */ = {isa = PBXFileReference; lastKnownFileType = sourcecode.c.h; path = SceneDelegate.h; sourceTree = "<group>"; };
		143CE02B24B3E52800900D2F /* SceneDelegate.m */ = {isa = PBXFileReference; lastKnownFileType = sourcecode.c.objc; path = SceneDelegate.m; sourceTree = "<group>"; };
		143CE02D24B3E52800900D2F /* ViewController.h */ = {isa = PBXFileReference; lastKnownFileType = sourcecode.c.h; path = ViewController.h; sourceTree = "<group>"; };
		143CE02E24B3E52800900D2F /* ViewController.m */ = {isa = PBXFileReference; lastKnownFileType = sourcecode.c.objc; path = ViewController.m; sourceTree = "<group>"; };
		143CE03124B3E52800900D2F /* Base */ = {isa = PBXFileReference; lastKnownFileType = file.storyboard; name = Base; path = Base.lproj/Main.storyboard; sourceTree = "<group>"; };
		143CE03324B3E52900900D2F /* Assets.xcassets */ = {isa = PBXFileReference; lastKnownFileType = folder.assetcatalog; path = Assets.xcassets; sourceTree = "<group>"; };
		143CE03624B3E52900900D2F /* Base */ = {isa = PBXFileReference; lastKnownFileType = file.storyboard; name = Base; path = Base.lproj/LaunchScreen.storyboard; sourceTree = "<group>"; };
		143CE03824B3E52900900D2F /* Info.plist */ = {isa = PBXFileReference; lastKnownFileType = text.plist.xml; path = Info.plist; sourceTree = "<group>"; };
		143CE03924B3E52900900D2F /* main.m */ = {isa = PBXFileReference; lastKnownFileType = sourcecode.c.objc; path = main.m; sourceTree = "<group>"; };
		143CE03F24B3E52900900D2F /* InstapictTests.xctest */ = {isa = PBXFileReference; explicitFileType = wrapper.cfbundle; includeInIndex = 0; path = InstapictTests.xctest; sourceTree = BUILT_PRODUCTS_DIR; };
		143CE04324B3E52900900D2F /* InstapictTests.m */ = {isa = PBXFileReference; lastKnownFileType = sourcecode.c.objc; path = InstapictTests.m; sourceTree = "<group>"; };
		143CE04524B3E52900900D2F /* Info.plist */ = {isa = PBXFileReference; lastKnownFileType = text.plist.xml; path = Info.plist; sourceTree = "<group>"; };
		143CE04A24B3E52900900D2F /* InstapictUITests.xctest */ = {isa = PBXFileReference; explicitFileType = wrapper.cfbundle; includeInIndex = 0; path = InstapictUITests.xctest; sourceTree = BUILT_PRODUCTS_DIR; };
		143CE04E24B3E52900900D2F /* InstapictUITests.m */ = {isa = PBXFileReference; lastKnownFileType = sourcecode.c.objc; path = InstapictUITests.m; sourceTree = "<group>"; };
		143CE05024B3E52900900D2F /* Info.plist */ = {isa = PBXFileReference; lastKnownFileType = text.plist.xml; path = Info.plist; sourceTree = "<group>"; };
		219A721EA59B4E1843F5E92B /* Pods-Instapict-InstapictUITests.release.xcconfig */ = {isa = PBXFileReference; includeInIndex = 1; lastKnownFileType = text.xcconfig; name = "Pods-Instapict-InstapictUITests.release.xcconfig"; path = "Target Support Files/Pods-Instapict-InstapictUITests/Pods-Instapict-InstapictUITests.release.xcconfig"; sourceTree = "<group>"; };
		25CC6F93AFE0F884363C46B0 /* Pods-Instapict.debug.xcconfig */ = {isa = PBXFileReference; includeInIndex = 1; lastKnownFileType = text.xcconfig; name = "Pods-Instapict.debug.xcconfig"; path = "Target Support Files/Pods-Instapict/Pods-Instapict.debug.xcconfig"; sourceTree = "<group>"; };
		3CF16935A18841DCF7EE1DE7 /* Pods-Instapict-InstapictUITests.debug.xcconfig */ = {isa = PBXFileReference; includeInIndex = 1; lastKnownFileType = text.xcconfig; name = "Pods-Instapict-InstapictUITests.debug.xcconfig"; path = "Target Support Files/Pods-Instapict-InstapictUITests/Pods-Instapict-InstapictUITests.debug.xcconfig"; sourceTree = "<group>"; };
		A6B3272DC479BC9814CFF188 /* Pods-InstapictTests.debug.xcconfig */ = {isa = PBXFileReference; includeInIndex = 1; lastKnownFileType = text.xcconfig; name = "Pods-InstapictTests.debug.xcconfig"; path = "Target Support Files/Pods-InstapictTests/Pods-InstapictTests.debug.xcconfig"; sourceTree = "<group>"; };
		B06506100BDFA844FD447530 /* Pods_Instapict.framework */ = {isa = PBXFileReference; explicitFileType = wrapper.framework; includeInIndex = 0; path = Pods_Instapict.framework; sourceTree = BUILT_PRODUCTS_DIR; };
		B26023F62CC7796E4494F632 /* Pods_InstapictTests.framework */ = {isa = PBXFileReference; explicitFileType = wrapper.framework; includeInIndex = 0; path = Pods_InstapictTests.framework; sourceTree = BUILT_PRODUCTS_DIR; };
		B9AFE2377A340C7C6648E839 /* Pods_Instapict_InstapictUITests.framework */ = {isa = PBXFileReference; explicitFileType = wrapper.framework; includeInIndex = 0; path = Pods_Instapict_InstapictUITests.framework; sourceTree = BUILT_PRODUCTS_DIR; };
		DD379C9A33E7961205A45ACA /* Pods-Instapict.release.xcconfig */ = {isa = PBXFileReference; includeInIndex = 1; lastKnownFileType = text.xcconfig; name = "Pods-Instapict.release.xcconfig"; path = "Target Support Files/Pods-Instapict/Pods-Instapict.release.xcconfig"; sourceTree = "<group>"; };
/* End PBXFileReference section */

/* Begin PBXFrameworksBuildPhase section */
		143CE02124B3E52800900D2F /* Frameworks */ = {
			isa = PBXFrameworksBuildPhase;
			buildActionMask = 2147483647;
			files = (
				7B8461566F8C3D51DD5443D6 /* Pods_Instapict.framework in Frameworks */,
			);
			runOnlyForDeploymentPostprocessing = 0;
		};
		143CE03C24B3E52900900D2F /* Frameworks */ = {
			isa = PBXFrameworksBuildPhase;
			buildActionMask = 2147483647;
			files = (
				E466A9DC42461F2E4B403C40 /* Pods_InstapictTests.framework in Frameworks */,
			);
			runOnlyForDeploymentPostprocessing = 0;
		};
		143CE04724B3E52900900D2F /* Frameworks */ = {
			isa = PBXFrameworksBuildPhase;
			buildActionMask = 2147483647;
			files = (
				2DD5F03ADBABF60F0F69D849 /* Pods_Instapict_InstapictUITests.framework in Frameworks */,
			);
			runOnlyForDeploymentPostprocessing = 0;
		};
/* End PBXFrameworksBuildPhase section */

/* Begin PBXGroup section */
		143CE01B24B3E52800900D2F = {
			isa = PBXGroup;
			children = (
				143CE02624B3E52800900D2F /* Instapict */,
				143CE04224B3E52900900D2F /* InstapictTests */,
				143CE04D24B3E52900900D2F /* InstapictUITests */,
				143CE02524B3E52800900D2F /* Products */,
				4729375231D77D854BC4FF9C /* Pods */,
				D65BC5BF1EC8D7D789AE3814 /* Frameworks */,
			);
			sourceTree = "<group>";
		};
		143CE02524B3E52800900D2F /* Products */ = {
			isa = PBXGroup;
			children = (
				143CE02424B3E52800900D2F /* Instapict.app */,
				143CE03F24B3E52900900D2F /* InstapictTests.xctest */,
				143CE04A24B3E52900900D2F /* InstapictUITests.xctest */,
			);
			name = Products;
			sourceTree = "<group>";
		};
		143CE02624B3E52800900D2F /* Instapict */ = {
			isa = PBXGroup;
			children = (
				143CE02724B3E52800900D2F /* AppDelegate.h */,
				143CE02824B3E52800900D2F /* AppDelegate.m */,
				143CE02A24B3E52800900D2F /* SceneDelegate.h */,
				143CE02B24B3E52800900D2F /* SceneDelegate.m */,
				143CE02D24B3E52800900D2F /* ViewController.h */,
				143CE02E24B3E52800900D2F /* ViewController.m */,
				143CE03024B3E52800900D2F /* Main.storyboard */,
				143CE03324B3E52900900D2F /* Assets.xcassets */,
				143CE03524B3E52900900D2F /* LaunchScreen.storyboard */,
				143CE03824B3E52900900D2F /* Info.plist */,
				143CE03924B3E52900900D2F /* main.m */,
			);
			path = Instapict;
			sourceTree = "<group>";
		};
		143CE04224B3E52900900D2F /* InstapictTests */ = {
			isa = PBXGroup;
			children = (
				143CE04324B3E52900900D2F /* InstapictTests.m */,
				143CE04524B3E52900900D2F /* Info.plist */,
			);
			path = InstapictTests;
			sourceTree = "<group>";
		};
		143CE04D24B3E52900900D2F /* InstapictUITests */ = {
			isa = PBXGroup;
			children = (
				143CE04E24B3E52900900D2F /* InstapictUITests.m */,
				143CE05024B3E52900900D2F /* Info.plist */,
			);
			path = InstapictUITests;
			sourceTree = "<group>";
		};
		4729375231D77D854BC4FF9C /* Pods */ = {
			isa = PBXGroup;
			children = (
				25CC6F93AFE0F884363C46B0 /* Pods-Instapict.debug.xcconfig */,
				DD379C9A33E7961205A45ACA /* Pods-Instapict.release.xcconfig */,
				3CF16935A18841DCF7EE1DE7 /* Pods-Instapict-InstapictUITests.debug.xcconfig */,
				219A721EA59B4E1843F5E92B /* Pods-Instapict-InstapictUITests.release.xcconfig */,
				A6B3272DC479BC9814CFF188 /* Pods-InstapictTests.debug.xcconfig */,
				039EF7835B7848C81906DA7F /* Pods-InstapictTests.release.xcconfig */,
			);
			name = Pods;
			path = Pods;
			sourceTree = "<group>";
		};
		D65BC5BF1EC8D7D789AE3814 /* Frameworks */ = {
			isa = PBXGroup;
			children = (
				B06506100BDFA844FD447530 /* Pods_Instapict.framework */,
				B9AFE2377A340C7C6648E839 /* Pods_Instapict_InstapictUITests.framework */,
				B26023F62CC7796E4494F632 /* Pods_InstapictTests.framework */,
			);
			name = Frameworks;
			sourceTree = "<group>";
		};
/* End PBXGroup section */

/* Begin PBXNativeTarget section */
		143CE02324B3E52800900D2F /* Instapict */ = {
			isa = PBXNativeTarget;
			buildConfigurationList = 143CE05324B3E52900900D2F /* Build configuration list for PBXNativeTarget "Instapict" */;
			buildPhases = (
				FACC4F4ADD9BE970373CC182 /* [CP] Check Pods Manifest.lock */,
				143CE02024B3E52800900D2F /* Sources */,
				143CE02124B3E52800900D2F /* Frameworks */,
				143CE02224B3E52800900D2F /* Resources */,
				BAE7D7DE61AA8A07AD803DE8 /* [CP] Embed Pods Frameworks */,
			);
			buildRules = (
			);
			dependencies = (
			);
			name = Instapict;
			productName = Instapict;
			productReference = 143CE02424B3E52800900D2F /* Instapict.app */;
			productType = "com.apple.product-type.application";
		};
		143CE03E24B3E52900900D2F /* InstapictTests */ = {
			isa = PBXNativeTarget;
			buildConfigurationList = 143CE05624B3E52900900D2F /* Build configuration list for PBXNativeTarget "InstapictTests" */;
			buildPhases = (
				61DCC00457E77F2604A6AC34 /* [CP] Check Pods Manifest.lock */,
				143CE03B24B3E52900900D2F /* Sources */,
				143CE03C24B3E52900900D2F /* Frameworks */,
				143CE03D24B3E52900900D2F /* Resources */,
			);
			buildRules = (
			);
			dependencies = (
				143CE04124B3E52900900D2F /* PBXTargetDependency */,
			);
			name = InstapictTests;
			productName = InstapictTests;
			productReference = 143CE03F24B3E52900900D2F /* InstapictTests.xctest */;
			productType = "com.apple.product-type.bundle.unit-test";
		};
		143CE04924B3E52900900D2F /* InstapictUITests */ = {
			isa = PBXNativeTarget;
			buildConfigurationList = 143CE05924B3E52900900D2F /* Build configuration list for PBXNativeTarget "InstapictUITests" */;
			buildPhases = (
				39C6075FA49A067025294AD3 /* [CP] Check Pods Manifest.lock */,
				143CE04624B3E52900900D2F /* Sources */,
				143CE04724B3E52900900D2F /* Frameworks */,
				143CE04824B3E52900900D2F /* Resources */,
				8CC9D5F67A6DEB9CE58C2B57 /* [CP] Embed Pods Frameworks */,
			);
			buildRules = (
			);
			dependencies = (
				143CE04C24B3E52900900D2F /* PBXTargetDependency */,
			);
			name = InstapictUITests;
			productName = InstapictUITests;
			productReference = 143CE04A24B3E52900900D2F /* InstapictUITests.xctest */;
			productType = "com.apple.product-type.bundle.ui-testing";
		};
/* End PBXNativeTarget section */

/* Begin PBXProject section */
		143CE01C24B3E52800900D2F /* Project object */ = {
			isa = PBXProject;
			attributes = {
				LastUpgradeCheck = 1150;
				ORGANIZATIONNAME = fbu;
				TargetAttributes = {
					143CE02324B3E52800900D2F = {
						CreatedOnToolsVersion = 11.5;
					};
					143CE03E24B3E52900900D2F = {
						CreatedOnToolsVersion = 11.5;
						TestTargetID = 143CE02324B3E52800900D2F;
					};
					143CE04924B3E52900900D2F = {
						CreatedOnToolsVersion = 11.5;
						TestTargetID = 143CE02324B3E52800900D2F;
					};
				};
			};
			buildConfigurationList = 143CE01F24B3E52800900D2F /* Build configuration list for PBXProject "Instapict" */;
			compatibilityVersion = "Xcode 9.3";
			developmentRegion = en;
			hasScannedForEncodings = 0;
			knownRegions = (
				en,
				Base,
			);
			mainGroup = 143CE01B24B3E52800900D2F;
			productRefGroup = 143CE02524B3E52800900D2F /* Products */;
			projectDirPath = "";
			projectRoot = "";
			targets = (
				143CE02324B3E52800900D2F /* Instapict */,
				143CE03E24B3E52900900D2F /* InstapictTests */,
				143CE04924B3E52900900D2F /* InstapictUITests */,
			);
		};
/* End PBXProject section */

/* Begin PBXResourcesBuildPhase section */
		143CE02224B3E52800900D2F /* Resources */ = {
			isa = PBXResourcesBuildPhase;
			buildActionMask = 2147483647;
			files = (
				143CE03724B3E52900900D2F /* LaunchScreen.storyboard in Resources */,
				143CE03424B3E52900900D2F /* Assets.xcassets in Resources */,
				143CE03224B3E52800900D2F /* Main.storyboard in Resources */,
			);
			runOnlyForDeploymentPostprocessing = 0;
		};
		143CE03D24B3E52900900D2F /* Resources */ = {
			isa = PBXResourcesBuildPhase;
			buildActionMask = 2147483647;
			files = (
			);
			runOnlyForDeploymentPostprocessing = 0;
		};
		143CE04824B3E52900900D2F /* Resources */ = {
			isa = PBXResourcesBuildPhase;
			buildActionMask = 2147483647;
			files = (
			);
			runOnlyForDeploymentPostprocessing = 0;
		};
/* End PBXResourcesBuildPhase section */

/* Begin PBXShellScriptBuildPhase section */
		39C6075FA49A067025294AD3 /* [CP] Check Pods Manifest.lock */ = {
			isa = PBXShellScriptBuildPhase;
			buildActionMask = 2147483647;
			files = (
			);
			inputFileListPaths = (
			);
			inputPaths = (
				"${PODS_PODFILE_DIR_PATH}/Podfile.lock",
				"${PODS_ROOT}/Manifest.lock",
			);
			name = "[CP] Check Pods Manifest.lock";
			outputFileListPaths = (
			);
			outputPaths = (
				"$(DERIVED_FILE_DIR)/Pods-Instapict-InstapictUITests-checkManifestLockResult.txt",
			);
			runOnlyForDeploymentPostprocessing = 0;
			shellPath = /bin/sh;
			shellScript = "diff \"${PODS_PODFILE_DIR_PATH}/Podfile.lock\" \"${PODS_ROOT}/Manifest.lock\" > /dev/null\nif [ $? != 0 ] ; then\n    # print error to STDERR\n    echo \"error: The sandbox is not in sync with the Podfile.lock. Run 'pod install' or update your CocoaPods installation.\" >&2\n    exit 1\nfi\n# This output is used by Xcode 'outputs' to avoid re-running this script phase.\necho \"SUCCESS\" > \"${SCRIPT_OUTPUT_FILE_0}\"\n";
			showEnvVarsInLog = 0;
		};
		61DCC00457E77F2604A6AC34 /* [CP] Check Pods Manifest.lock */ = {
			isa = PBXShellScriptBuildPhase;
			buildActionMask = 2147483647;
			files = (
			);
			inputFileListPaths = (
			);
			inputPaths = (
				"${PODS_PODFILE_DIR_PATH}/Podfile.lock",
				"${PODS_ROOT}/Manifest.lock",
			);
			name = "[CP] Check Pods Manifest.lock";
			outputFileListPaths = (
			);
			outputPaths = (
				"$(DERIVED_FILE_DIR)/Pods-InstapictTests-checkManifestLockResult.txt",
			);
			runOnlyForDeploymentPostprocessing = 0;
			shellPath = /bin/sh;
			shellScript = "diff \"${PODS_PODFILE_DIR_PATH}/Podfile.lock\" \"${PODS_ROOT}/Manifest.lock\" > /dev/null\nif [ $? != 0 ] ; then\n    # print error to STDERR\n    echo \"error: The sandbox is not in sync with the Podfile.lock. Run 'pod install' or update your CocoaPods installation.\" >&2\n    exit 1\nfi\n# This output is used by Xcode 'outputs' to avoid re-running this script phase.\necho \"SUCCESS\" > \"${SCRIPT_OUTPUT_FILE_0}\"\n";
			showEnvVarsInLog = 0;
		};
		8CC9D5F67A6DEB9CE58C2B57 /* [CP] Embed Pods Frameworks */ = {
			isa = PBXShellScriptBuildPhase;
			buildActionMask = 2147483647;
			files = (
			);
			inputFileListPaths = (
				"${PODS_ROOT}/Target Support Files/Pods-Instapict-InstapictUITests/Pods-Instapict-InstapictUITests-frameworks-${CONFIGURATION}-input-files.xcfilelist",
			);
			name = "[CP] Embed Pods Frameworks";
			outputFileListPaths = (
				"${PODS_ROOT}/Target Support Files/Pods-Instapict-InstapictUITests/Pods-Instapict-InstapictUITests-frameworks-${CONFIGURATION}-output-files.xcfilelist",
			);
			runOnlyForDeploymentPostprocessing = 0;
			shellPath = /bin/sh;
			shellScript = "\"${PODS_ROOT}/Target Support Files/Pods-Instapict-InstapictUITests/Pods-Instapict-InstapictUITests-frameworks.sh\"\n";
			showEnvVarsInLog = 0;
		};
		BAE7D7DE61AA8A07AD803DE8 /* [CP] Embed Pods Frameworks */ = {
			isa = PBXShellScriptBuildPhase;
			buildActionMask = 2147483647;
			files = (
			);
			inputFileListPaths = (
				"${PODS_ROOT}/Target Support Files/Pods-Instapict/Pods-Instapict-frameworks-${CONFIGURATION}-input-files.xcfilelist",
			);
			name = "[CP] Embed Pods Frameworks";
			outputFileListPaths = (
				"${PODS_ROOT}/Target Support Files/Pods-Instapict/Pods-Instapict-frameworks-${CONFIGURATION}-output-files.xcfilelist",
			);
			runOnlyForDeploymentPostprocessing = 0;
			shellPath = /bin/sh;
			shellScript = "\"${PODS_ROOT}/Target Support Files/Pods-Instapict/Pods-Instapict-frameworks.sh\"\n";
			showEnvVarsInLog = 0;
		};
		FACC4F4ADD9BE970373CC182 /* [CP] Check Pods Manifest.lock */ = {
			isa = PBXShellScriptBuildPhase;
			buildActionMask = 2147483647;
			files = (
			);
			inputFileListPaths = (
			);
			inputPaths = (
				"${PODS_PODFILE_DIR_PATH}/Podfile.lock",
				"${PODS_ROOT}/Manifest.lock",
			);
			name = "[CP] Check Pods Manifest.lock";
			outputFileListPaths = (
			);
			outputPaths = (
				"$(DERIVED_FILE_DIR)/Pods-Instapict-checkManifestLockResult.txt",
			);
			runOnlyForDeploymentPostprocessing = 0;
			shellPath = /bin/sh;
			shellScript = "diff \"${PODS_PODFILE_DIR_PATH}/Podfile.lock\" \"${PODS_ROOT}/Manifest.lock\" > /dev/null\nif [ $? != 0 ] ; then\n    # print error to STDERR\n    echo \"error: The sandbox is not in sync with the Podfile.lock. Run 'pod install' or update your CocoaPods installation.\" >&2\n    exit 1\nfi\n# This output is used by Xcode 'outputs' to avoid re-running this script phase.\necho \"SUCCESS\" > \"${SCRIPT_OUTPUT_FILE_0}\"\n";
			showEnvVarsInLog = 0;
		};
/* End PBXShellScriptBuildPhase section */

/* Begin PBXSourcesBuildPhase section */
		143CE02024B3E52800900D2F /* Sources */ = {
			isa = PBXSourcesBuildPhase;
			buildActionMask = 2147483647;
			files = (
				143CE02F24B3E52800900D2F /* ViewController.m in Sources */,
				143CE02924B3E52800900D2F /* AppDelegate.m in Sources */,
				143CE03A24B3E52900900D2F /* main.m in Sources */,
				143CE02C24B3E52800900D2F /* SceneDelegate.m in Sources */,
			);
			runOnlyForDeploymentPostprocessing = 0;
		};
		143CE03B24B3E52900900D2F /* Sources */ = {
			isa = PBXSourcesBuildPhase;
			buildActionMask = 2147483647;
			files = (
				143CE04424B3E52900900D2F /* InstapictTests.m in Sources */,
			);
			runOnlyForDeploymentPostprocessing = 0;
		};
		143CE04624B3E52900900D2F /* Sources */ = {
			isa = PBXSourcesBuildPhase;
			buildActionMask = 2147483647;
			files = (
				143CE04F24B3E52900900D2F /* InstapictUITests.m in Sources */,
			);
			runOnlyForDeploymentPostprocessing = 0;
		};
/* End PBXSourcesBuildPhase section */

/* Begin PBXTargetDependency section */
		143CE04124B3E52900900D2F /* PBXTargetDependency */ = {
			isa = PBXTargetDependency;
			target = 143CE02324B3E52800900D2F /* Instapict */;
			targetProxy = 143CE04024B3E52900900D2F /* PBXContainerItemProxy */;
		};
		143CE04C24B3E52900900D2F /* PBXTargetDependency */ = {
			isa = PBXTargetDependency;
			target = 143CE02324B3E52800900D2F /* Instapict */;
			targetProxy = 143CE04B24B3E52900900D2F /* PBXContainerItemProxy */;
		};
/* End PBXTargetDependency section */

/* Begin PBXVariantGroup section */
		143CE03024B3E52800900D2F /* Main.storyboard */ = {
			isa = PBXVariantGroup;
			children = (
				143CE03124B3E52800900D2F /* Base */,
			);
			name = Main.storyboard;
			sourceTree = "<group>";
		};
		143CE03524B3E52900900D2F /* LaunchScreen.storyboard */ = {
			isa = PBXVariantGroup;
			children = (
				143CE03624B3E52900900D2F /* Base */,
			);
			name = LaunchScreen.storyboard;
			sourceTree = "<group>";
		};
/* End PBXVariantGroup section */

/* Begin XCBuildConfiguration section */
		143CE05124B3E52900900D2F /* Debug */ = {
			isa = XCBuildConfiguration;
			buildSettings = {
				ALWAYS_SEARCH_USER_PATHS = NO;
				CLANG_ANALYZER_NONNULL = YES;
				CLANG_ANALYZER_NUMBER_OBJECT_CONVERSION = YES_AGGRESSIVE;
				CLANG_CXX_LANGUAGE_STANDARD = "gnu++14";
				CLANG_CXX_LIBRARY = "libc++";
				CLANG_ENABLE_MODULES = YES;
				CLANG_ENABLE_OBJC_ARC = YES;
				CLANG_ENABLE_OBJC_WEAK = YES;
				CLANG_WARN_BLOCK_CAPTURE_AUTORELEASING = YES;
				CLANG_WARN_BOOL_CONVERSION = YES;
				CLANG_WARN_COMMA = YES;
				CLANG_WARN_CONSTANT_CONVERSION = YES;
				CLANG_WARN_DEPRECATED_OBJC_IMPLEMENTATIONS = YES;
				CLANG_WARN_DIRECT_OBJC_ISA_USAGE = YES_ERROR;
				CLANG_WARN_DOCUMENTATION_COMMENTS = YES;
				CLANG_WARN_EMPTY_BODY = YES;
				CLANG_WARN_ENUM_CONVERSION = YES;
				CLANG_WARN_INFINITE_RECURSION = YES;
				CLANG_WARN_INT_CONVERSION = YES;
				CLANG_WARN_NON_LITERAL_NULL_CONVERSION = YES;
				CLANG_WARN_OBJC_IMPLICIT_RETAIN_SELF = YES;
				CLANG_WARN_OBJC_LITERAL_CONVERSION = YES;
				CLANG_WARN_OBJC_ROOT_CLASS = YES_ERROR;
				CLANG_WARN_RANGE_LOOP_ANALYSIS = YES;
				CLANG_WARN_STRICT_PROTOTYPES = YES;
				CLANG_WARN_SUSPICIOUS_MOVE = YES;
				CLANG_WARN_UNGUARDED_AVAILABILITY = YES_AGGRESSIVE;
				CLANG_WARN_UNREACHABLE_CODE = YES;
				CLANG_WARN__DUPLICATE_METHOD_MATCH = YES;
				COPY_PHASE_STRIP = NO;
				DEBUG_INFORMATION_FORMAT = dwarf;
				ENABLE_STRICT_OBJC_MSGSEND = YES;
				ENABLE_TESTABILITY = YES;
				GCC_C_LANGUAGE_STANDARD = gnu11;
				GCC_DYNAMIC_NO_PIC = NO;
				GCC_NO_COMMON_BLOCKS = YES;
				GCC_OPTIMIZATION_LEVEL = 0;
				GCC_PREPROCESSOR_DEFINITIONS = (
					"DEBUG=1",
					"$(inherited)",
				);
				GCC_WARN_64_TO_32_BIT_CONVERSION = YES;
				GCC_WARN_ABOUT_RETURN_TYPE = YES_ERROR;
				GCC_WARN_UNDECLARED_SELECTOR = YES;
				GCC_WARN_UNINITIALIZED_AUTOS = YES_AGGRESSIVE;
				GCC_WARN_UNUSED_FUNCTION = YES;
				GCC_WARN_UNUSED_VARIABLE = YES;
				IPHONEOS_DEPLOYMENT_TARGET = 13.5;
				MTL_ENABLE_DEBUG_INFO = INCLUDE_SOURCE;
				MTL_FAST_MATH = YES;
				ONLY_ACTIVE_ARCH = YES;
				SDKROOT = iphoneos;
			};
			name = Debug;
		};
		143CE05224B3E52900900D2F /* Release */ = {
			isa = XCBuildConfiguration;
			buildSettings = {
				ALWAYS_SEARCH_USER_PATHS = NO;
				CLANG_ANALYZER_NONNULL = YES;
				CLANG_ANALYZER_NUMBER_OBJECT_CONVERSION = YES_AGGRESSIVE;
				CLANG_CXX_LANGUAGE_STANDARD = "gnu++14";
				CLANG_CXX_LIBRARY = "libc++";
				CLANG_ENABLE_MODULES = YES;
				CLANG_ENABLE_OBJC_ARC = YES;
				CLANG_ENABLE_OBJC_WEAK = YES;
				CLANG_WARN_BLOCK_CAPTURE_AUTORELEASING = YES;
				CLANG_WARN_BOOL_CONVERSION = YES;
				CLANG_WARN_COMMA = YES;
				CLANG_WARN_CONSTANT_CONVERSION = YES;
				CLANG_WARN_DEPRECATED_OBJC_IMPLEMENTATIONS = YES;
				CLANG_WARN_DIRECT_OBJC_ISA_USAGE = YES_ERROR;
				CLANG_WARN_DOCUMENTATION_COMMENTS = YES;
				CLANG_WARN_EMPTY_BODY = YES;
				CLANG_WARN_ENUM_CONVERSION = YES;
				CLANG_WARN_INFINITE_RECURSION = YES;
				CLANG_WARN_INT_CONVERSION = YES;
				CLANG_WARN_NON_LITERAL_NULL_CONVERSION = YES;
				CLANG_WARN_OBJC_IMPLICIT_RETAIN_SELF = YES;
				CLANG_WARN_OBJC_LITERAL_CONVERSION = YES;
				CLANG_WARN_OBJC_ROOT_CLASS = YES_ERROR;
				CLANG_WARN_RANGE_LOOP_ANALYSIS = YES;
				CLANG_WARN_STRICT_PROTOTYPES = YES;
				CLANG_WARN_SUSPICIOUS_MOVE = YES;
				CLANG_WARN_UNGUARDED_AVAILABILITY = YES_AGGRESSIVE;
				CLANG_WARN_UNREACHABLE_CODE = YES;
				CLANG_WARN__DUPLICATE_METHOD_MATCH = YES;
				COPY_PHASE_STRIP = NO;
				DEBUG_INFORMATION_FORMAT = "dwarf-with-dsym";
				ENABLE_NS_ASSERTIONS = NO;
				ENABLE_STRICT_OBJC_MSGSEND = YES;
				GCC_C_LANGUAGE_STANDARD = gnu11;
				GCC_NO_COMMON_BLOCKS = YES;
				GCC_WARN_64_TO_32_BIT_CONVERSION = YES;
				GCC_WARN_ABOUT_RETURN_TYPE = YES_ERROR;
				GCC_WARN_UNDECLARED_SELECTOR = YES;
				GCC_WARN_UNINITIALIZED_AUTOS = YES_AGGRESSIVE;
				GCC_WARN_UNUSED_FUNCTION = YES;
				GCC_WARN_UNUSED_VARIABLE = YES;
				IPHONEOS_DEPLOYMENT_TARGET = 13.5;
				MTL_ENABLE_DEBUG_INFO = NO;
				MTL_FAST_MATH = YES;
				SDKROOT = iphoneos;
				VALIDATE_PRODUCT = YES;
			};
			name = Release;
		};
		143CE05424B3E52900900D2F /* Debug */ = {
			isa = XCBuildConfiguration;
			baseConfigurationReference = 25CC6F93AFE0F884363C46B0 /* Pods-Instapict.debug.xcconfig */;
			buildSettings = {
				ASSETCATALOG_COMPILER_APPICON_NAME = AppIcon;
				CODE_SIGN_STYLE = Automatic;
				DEVELOPMENT_TEAM = 2P5RKMXDPK;
				INFOPLIST_FILE = Instapict/Info.plist;
				LD_RUNPATH_SEARCH_PATHS = (
					"$(inherited)",
					"@executable_path/Frameworks",
				);
				PRODUCT_BUNDLE_IDENTIFIER = com.monicahb.Instapict;
				PRODUCT_NAME = "$(TARGET_NAME)";
				TARGETED_DEVICE_FAMILY = "1,2";
			};
			name = Debug;
		};
		143CE05524B3E52900900D2F /* Release */ = {
			isa = XCBuildConfiguration;
			baseConfigurationReference = DD379C9A33E7961205A45ACA /* Pods-Instapict.release.xcconfig */;
			buildSettings = {
				ASSETCATALOG_COMPILER_APPICON_NAME = AppIcon;
				CODE_SIGN_STYLE = Automatic;
				DEVELOPMENT_TEAM = 2P5RKMXDPK;
				INFOPLIST_FILE = Instapict/Info.plist;
				LD_RUNPATH_SEARCH_PATHS = (
					"$(inherited)",
					"@executable_path/Frameworks",
				);
				PRODUCT_BUNDLE_IDENTIFIER = com.monicahb.Instapict;
				PRODUCT_NAME = "$(TARGET_NAME)";
				TARGETED_DEVICE_FAMILY = "1,2";
			};
			name = Release;
		};
		143CE05724B3E52900900D2F /* Debug */ = {
			isa = XCBuildConfiguration;
			baseConfigurationReference = A6B3272DC479BC9814CFF188 /* Pods-InstapictTests.debug.xcconfig */;
			buildSettings = {
				BUNDLE_LOADER = "$(TEST_HOST)";
				CODE_SIGN_STYLE = Automatic;
				DEVELOPMENT_TEAM = 2P5RKMXDPK;
				INFOPLIST_FILE = InstapictTests/Info.plist;
				IPHONEOS_DEPLOYMENT_TARGET = 13.5;
				LD_RUNPATH_SEARCH_PATHS = (
					"$(inherited)",
					"@executable_path/Frameworks",
					"@loader_path/Frameworks",
				);
				PRODUCT_BUNDLE_IDENTIFIER = com.monicahb.InstapictTests;
				PRODUCT_NAME = "$(TARGET_NAME)";
				TARGETED_DEVICE_FAMILY = "1,2";
				TEST_HOST = "$(BUILT_PRODUCTS_DIR)/Instapict.app/Instapict";
			};
			name = Debug;
		};
		143CE05824B3E52900900D2F /* Release */ = {
			isa = XCBuildConfiguration;
			baseConfigurationReference = 039EF7835B7848C81906DA7F /* Pods-InstapictTests.release.xcconfig */;
			buildSettings = {
				BUNDLE_LOADER = "$(TEST_HOST)";
				CODE_SIGN_STYLE = Automatic;
				DEVELOPMENT_TEAM = 2P5RKMXDPK;
				INFOPLIST_FILE = InstapictTests/Info.plist;
				IPHONEOS_DEPLOYMENT_TARGET = 13.5;
				LD_RUNPATH_SEARCH_PATHS = (
					"$(inherited)",
					"@executable_path/Frameworks",
					"@loader_path/Frameworks",
				);
				PRODUCT_BUNDLE_IDENTIFIER = com.monicahb.InstapictTests;
				PRODUCT_NAME = "$(TARGET_NAME)";
				TARGETED_DEVICE_FAMILY = "1,2";
				TEST_HOST = "$(BUILT_PRODUCTS_DIR)/Instapict.app/Instapict";
			};
			name = Release;
		};
		143CE05A24B3E52900900D2F /* Debug */ = {
			isa = XCBuildConfiguration;
			baseConfigurationReference = 3CF16935A18841DCF7EE1DE7 /* Pods-Instapict-InstapictUITests.debug.xcconfig */;
			buildSettings = {
				CODE_SIGN_STYLE = Automatic;
				DEVELOPMENT_TEAM = 2P5RKMXDPK;
				INFOPLIST_FILE = InstapictUITests/Info.plist;
				LD_RUNPATH_SEARCH_PATHS = (
					"$(inherited)",
					"@executable_path/Frameworks",
					"@loader_path/Frameworks",
				);
				PRODUCT_BUNDLE_IDENTIFIER = com.monicahb.InstapictUITests;
				PRODUCT_NAME = "$(TARGET_NAME)";
				TARGETED_DEVICE_FAMILY = "1,2";
				TEST_TARGET_NAME = Instapict;
			};
			name = Debug;
		};
		143CE05B24B3E52900900D2F /* Release */ = {
			isa = XCBuildConfiguration;
			baseConfigurationReference = 219A721EA59B4E1843F5E92B /* Pods-Instapict-InstapictUITests.release.xcconfig */;
			buildSettings = {
				CODE_SIGN_STYLE = Automatic;
				DEVELOPMENT_TEAM = 2P5RKMXDPK;
				INFOPLIST_FILE = InstapictUITests/Info.plist;
				LD_RUNPATH_SEARCH_PATHS = (
					"$(inherited)",
					"@executable_path/Frameworks",
					"@loader_path/Frameworks",
				);
				PRODUCT_BUNDLE_IDENTIFIER = com.monicahb.InstapictUITests;
				PRODUCT_NAME = "$(TARGET_NAME)";
				TARGETED_DEVICE_FAMILY = "1,2";
				TEST_TARGET_NAME = Instapict;
			};
			name = Release;
		};
/* End XCBuildConfiguration section */

/* Begin XCConfigurationList section */
		143CE01F24B3E52800900D2F /* Build configuration list for PBXProject "Instapict" */ = {
			isa = XCConfigurationList;
			buildConfigurations = (
				143CE05124B3E52900900D2F /* Debug */,
				143CE05224B3E52900900D2F /* Release */,
			);
			defaultConfigurationIsVisible = 0;
			defaultConfigurationName = Release;
		};
		143CE05324B3E52900900D2F /* Build configuration list for PBXNativeTarget "Instapict" */ = {
			isa = XCConfigurationList;
			buildConfigurations = (
				143CE05424B3E52900900D2F /* Debug */,
				143CE05524B3E52900900D2F /* Release */,
			);
			defaultConfigurationIsVisible = 0;
			defaultConfigurationName = Release;
		};
		143CE05624B3E52900900D2F /* Build configuration list for PBXNativeTarget "InstapictTests" */ = {
			isa = XCConfigurationList;
			buildConfigurations = (
				143CE05724B3E52900900D2F /* Debug */,
				143CE05824B3E52900900D2F /* Release */,
			);
			defaultConfigurationIsVisible = 0;
			defaultConfigurationName = Release;
		};
		143CE05924B3E52900900D2F /* Build configuration list for PBXNativeTarget "InstapictUITests" */ = {
			isa = XCConfigurationList;
			buildConfigurations = (
				143CE05A24B3E52900900D2F /* Debug */,
				143CE05B24B3E52900900D2F /* Release */,
			);
			defaultConfigurationIsVisible = 0;
			defaultConfigurationName = Release;
		};
/* End XCConfigurationList section */
	};
	rootObject = 143CE01C24B3E52800900D2F /* Project object */;
}
